# This file is generated by running "yarn install" inside your project.
# Manual changes might be lost - proceed with caution!

__metadata:
  version: 6

"manageiq-providers-nutanix@workspace:.":
  version: 0.0.0-use.local
  resolution: "manageiq-providers-nutanix@workspace:."
  languageName: unknown
  linkType: soft
